// !$*UTF8*$!
{
	archiveVersion = 1;
	classes = {
	};
	objectVersion = 56;
	objects = {

/* Begin PBXBuildFile section */
		742995BA2AD0950300EEAD13 /* JTiView.swift in Sources */ = {isa = PBXBuildFile; fileRef = 742995B92AD0950300EEAD13 /* JTiView.swift */; };
		742995BC2AD0965D00EEAD13 /* ViewModel.swift in Sources */ = {isa = PBXBuildFile; fileRef = 742995BB2AD0965D00EEAD13 /* ViewModel.swift */; };
		742995BE2AD0978800EEAD13 /* Components.swift in Sources */ = {isa = PBXBuildFile; fileRef = 742995BD2AD0978800EEAD13 /* Components.swift */; };
		742995C02AD0979100EEAD13 /* AttachmentsProvider.swift in Sources */ = {isa = PBXBuildFile; fileRef = 742995BF2AD0979100EEAD13 /* AttachmentsProvider.swift */; };
		742995C22AD097B000EEAD13 /* LearnMoreView.swift in Sources */ = {isa = PBXBuildFile; fileRef = 742995C12AD097B000EEAD13 /* LearnMoreView.swift */; };
		742995C52AD0982500EEAD13 /* FlockingSystem.swift in Sources */ = {isa = PBXBuildFile; fileRef = 742995C32AD0982500EEAD13 /* FlockingSystem.swift */; };
		742995C62AD0982500EEAD13 /* FlockingComponent.swift in Sources */ = {isa = PBXBuildFile; fileRef = 742995C42AD0982500EEAD13 /* FlockingComponent.swift */; };
		746A97642AD0CC5200A95609 /* Phase2View.swift in Sources */ = {isa = PBXBuildFile; fileRef = 746A97632AD0CC5200A95609 /* Phase2View.swift */; };
		746A97662AD0D2F800A95609 /* Phase3View.swift in Sources */ = {isa = PBXBuildFile; fileRef = 746A97652AD0D2F700A95609 /* Phase3View.swift */; };
		74BB67562ACFF2EF00208944 /* RealityKitContent in Frameworks */ = {isa = PBXBuildFile; productRef = 74BB67552ACFF2EF00208944 /* RealityKitContent */; };
		74BB67582ACFF2EF00208944 /* visionOS_JTIApp.swift in Sources */ = {isa = PBXBuildFile; fileRef = 74BB67572ACFF2EF00208944 /* visionOS_JTIApp.swift */; };
		74BB675A2ACFF2EF00208944 /* ContentView.swift in Sources */ = {isa = PBXBuildFile; fileRef = 74BB67592ACFF2EF00208944 /* ContentView.swift */; };
		74BB675C2ACFF2F200208944 /* Assets.xcassets in Resources */ = {isa = PBXBuildFile; fileRef = 74BB675B2ACFF2F200208944 /* Assets.xcassets */; };
		74BB675F2ACFF2F200208944 /* Preview Assets.xcassets in Resources */ = {isa = PBXBuildFile; fileRef = 74BB675E2ACFF2F200208944 /* Preview Assets.xcassets */; };
/* End PBXBuildFile section */

/* Begin PBXFileReference section */
		742995B92AD0950300EEAD13 /* JTiView.swift */ = {isa = PBXFileReference; lastKnownFileType = sourcecode.swift; path = JTiView.swift; sourceTree = "<group>"; };
		742995BB2AD0965D00EEAD13 /* ViewModel.swift */ = {isa = PBXFileReference; fileEncoding = 4; lastKnownFileType = sourcecode.swift; name = ViewModel.swift; path = ../../../../Downloads/Diorama/Diorama/ViewModel.swift; sourceTree = "<group>"; };
		742995BD2AD0978800EEAD13 /* Components.swift */ = {isa = PBXFileReference; fileEncoding = 4; lastKnownFileType = sourcecode.swift; name = Components.swift; path = "../../../../Downloads/Diorama 2/Diorama/Components.swift"; sourceTree = "<group>"; };
		742995BF2AD0979100EEAD13 /* AttachmentsProvider.swift */ = {isa = PBXFileReference; fileEncoding = 4; lastKnownFileType = sourcecode.swift; name = AttachmentsProvider.swift; path = "../../../../Downloads/Diorama 2/Diorama/AttachmentsProvider.swift"; sourceTree = "<group>"; };
		742995C12AD097B000EEAD13 /* LearnMoreView.swift */ = {isa = PBXFileReference; fileEncoding = 4; lastKnownFileType = sourcecode.swift; name = LearnMoreView.swift; path = "../../../../Downloads/Diorama 2/Diorama/LearnMoreView.swift"; sourceTree = "<group>"; };
		742995C32AD0982500EEAD13 /* FlockingSystem.swift */ = {isa = PBXFileReference; fileEncoding = 4; lastKnownFileType = sourcecode.swift; name = FlockingSystem.swift; path = "../../../../Downloads/Diorama 2/Diorama/FlockingSystem.swift"; sourceTree = "<group>"; };
		742995C42AD0982500EEAD13 /* FlockingComponent.swift */ = {isa = PBXFileReference; fileEncoding = 4; lastKnownFileType = sourcecode.swift; name = FlockingComponent.swift; path = "../../../../Downloads/Diorama 2/Diorama/FlockingComponent.swift"; sourceTree = "<group>"; };
		746A97632AD0CC5200A95609 /* Phase2View.swift */ = {isa = PBXFileReference; lastKnownFileType = sourcecode.swift; path = Phase2View.swift; sourceTree = "<group>"; };
		746A97652AD0D2F700A95609 /* Phase3View.swift */ = {isa = PBXFileReference; lastKnownFileType = sourcecode.swift; path = Phase3View.swift; sourceTree = "<group>"; };
		74BB67502ACFF2EF00208944 /* visionOS_JTI.app */ = {isa = PBXFileReference; explicitFileType = wrapper.application; includeInIndex = 0; path = visionOS_JTI.app; sourceTree = BUILT_PRODUCTS_DIR; };
		74BB67542ACFF2EF00208944 /* RealityKitContent */ = {isa = PBXFileReference; lastKnownFileType = wrapper; path = RealityKitContent; sourceTree = "<group>"; };
		74BB67572ACFF2EF00208944 /* visionOS_JTIApp.swift */ = {isa = PBXFileReference; lastKnownFileType = sourcecode.swift; path = visionOS_JTIApp.swift; sourceTree = "<group>"; };
		74BB67592ACFF2EF00208944 /* ContentView.swift */ = {isa = PBXFileReference; lastKnownFileType = sourcecode.swift; path = ContentView.swift; sourceTree = "<group>"; };
		74BB675B2ACFF2F200208944 /* Assets.xcassets */ = {isa = PBXFileReference; lastKnownFileType = folder.assetcatalog; path = Assets.xcassets; sourceTree = "<group>"; };
		74BB675E2ACFF2F200208944 /* Preview Assets.xcassets */ = {isa = PBXFileReference; lastKnownFileType = folder.assetcatalog; path = "Preview Assets.xcassets"; sourceTree = "<group>"; };
		74BB67602ACFF2F200208944 /* Info.plist */ = {isa = PBXFileReference; lastKnownFileType = text.plist.xml; path = Info.plist; sourceTree = "<group>"; };
/* End PBXFileReference section */

/* Begin PBXFrameworksBuildPhase section */
		74BB674D2ACFF2EF00208944 /* Frameworks */ = {
			isa = PBXFrameworksBuildPhase;
			buildActionMask = 2147483647;
			files = (
				74BB67562ACFF2EF00208944 /* RealityKitContent in Frameworks */,
			);
			runOnlyForDeploymentPostprocessing = 0;
		};
/* End PBXFrameworksBuildPhase section */

/* Begin PBXGroup section */
		746A97622AD0CC0D00A95609 /* Phases */ = {
			isa = PBXGroup;
			children = (
				742995B92AD0950300EEAD13 /* JTiView.swift */,
				746A97632AD0CC5200A95609 /* Phase2View.swift */,
				746A97652AD0D2F700A95609 /* Phase3View.swift */,
			);
			path = Phases;
			sourceTree = "<group>";
		};
		74BB67472ACFF2EF00208944 = {
			isa = PBXGroup;
			children = (
				74BB67522ACFF2EF00208944 /* visionOS_JTI */,
				74BB67532ACFF2EF00208944 /* Packages */,
				74BB67512ACFF2EF00208944 /* Products */,
			);
			sourceTree = "<group>";
		};
		74BB67512ACFF2EF00208944 /* Products */ = {
			isa = PBXGroup;
			children = (
				74BB67502ACFF2EF00208944 /* visionOS_JTI.app */,
			);
			name = Products;
			sourceTree = "<group>";
		};
		74BB67522ACFF2EF00208944 /* visionOS_JTI */ = {
			isa = PBXGroup;
			children = (
				746A97622AD0CC0D00A95609 /* Phases */,
				74BB67572ACFF2EF00208944 /* visionOS_JTIApp.swift */,
				74BB67592ACFF2EF00208944 /* ContentView.swift */,
				742995BB2AD0965D00EEAD13 /* ViewModel.swift */,
				742995BF2AD0979100EEAD13 /* AttachmentsProvider.swift */,
				742995C12AD097B000EEAD13 /* LearnMoreView.swift */,
				742995BD2AD0978800EEAD13 /* Components.swift */,
				742995C42AD0982500EEAD13 /* FlockingComponent.swift */,
				742995C32AD0982500EEAD13 /* FlockingSystem.swift */,
				74BB675B2ACFF2F200208944 /* Assets.xcassets */,
				74BB67602ACFF2F200208944 /* Info.plist */,
				74BB675D2ACFF2F200208944 /* Preview Content */,
			);
			path = visionOS_JTI;
			sourceTree = "<group>";
		};
		74BB67532ACFF2EF00208944 /* Packages */ = {
			isa = PBXGroup;
			children = (
				74BB67542ACFF2EF00208944 /* RealityKitContent */,
			);
			path = Packages;
			sourceTree = "<group>";
		};
		74BB675D2ACFF2F200208944 /* Preview Content */ = {
			isa = PBXGroup;
			children = (
				74BB675E2ACFF2F200208944 /* Preview Assets.xcassets */,
			);
			path = "Preview Content";
			sourceTree = "<group>";
		};
/* End PBXGroup section */

/* Begin PBXNativeTarget section */
		74BB674F2ACFF2EF00208944 /* visionOS_JTI */ = {
			isa = PBXNativeTarget;
			buildConfigurationList = 74BB67632ACFF2F200208944 /* Build configuration list for PBXNativeTarget "visionOS_JTI" */;
			buildPhases = (
				74BB674C2ACFF2EF00208944 /* Sources */,
				74BB674D2ACFF2EF00208944 /* Frameworks */,
				74BB674E2ACFF2EF00208944 /* Resources */,
			);
			buildRules = (
			);
			dependencies = (
			);
			name = visionOS_JTI;
			packageProductDependencies = (
				74BB67552ACFF2EF00208944 /* RealityKitContent */,
			);
			productName = visionOS_JTI;
			productReference = 74BB67502ACFF2EF00208944 /* visionOS_JTI.app */;
			productType = "com.apple.product-type.application";
		};
/* End PBXNativeTarget section */

/* Begin PBXProject section */
		74BB67482ACFF2EF00208944 /* Project object */ = {
			isa = PBXProject;
			attributes = {
				BuildIndependentTargetsInParallel = 1;
				LastSwiftUpdateCheck = 1500;
				LastUpgradeCheck = 1500;
				TargetAttributes = {
					74BB674F2ACFF2EF00208944 = {
						CreatedOnToolsVersion = 15.0;
					};
				};
			};
			buildConfigurationList = 74BB674B2ACFF2EF00208944 /* Build configuration list for PBXProject "visionOS_JTI" */;
			compatibilityVersion = "Xcode 14.0";
			developmentRegion = en;
			hasScannedForEncodings = 0;
			knownRegions = (
				en,
				Base,
			);
			mainGroup = 74BB67472ACFF2EF00208944;
			productRefGroup = 74BB67512ACFF2EF00208944 /* Products */;
			projectDirPath = "";
			projectRoot = "";
			targets = (
				74BB674F2ACFF2EF00208944 /* visionOS_JTI */,
			);
		};
/* End PBXProject section */

/* Begin PBXResourcesBuildPhase section */
		74BB674E2ACFF2EF00208944 /* Resources */ = {
			isa = PBXResourcesBuildPhase;
			buildActionMask = 2147483647;
			files = (
				74BB675F2ACFF2F200208944 /* Preview Assets.xcassets in Resources */,
				74BB675C2ACFF2F200208944 /* Assets.xcassets in Resources */,
			);
			runOnlyForDeploymentPostprocessing = 0;
		};
/* End PBXResourcesBuildPhase section */

/* Begin PBXSourcesBuildPhase section */
		74BB674C2ACFF2EF00208944 /* Sources */ = {
			isa = PBXSourcesBuildPhase;
			buildActionMask = 2147483647;
			files = (
				746A97662AD0D2F800A95609 /* Phase3View.swift in Sources */,
				742995BA2AD0950300EEAD13 /* JTiView.swift in Sources */,
				746A97642AD0CC5200A95609 /* Phase2View.swift in Sources */,
				742995C52AD0982500EEAD13 /* FlockingSystem.swift in Sources */,
				74BB675A2ACFF2EF00208944 /* ContentView.swift in Sources */,
				742995C62AD0982500EEAD13 /* FlockingComponent.swift in Sources */,
				742995C22AD097B000EEAD13 /* LearnMoreView.swift in Sources */,
				742995BE2AD0978800EEAD13 /* Components.swift in Sources */,
				742995BC2AD0965D00EEAD13 /* ViewModel.swift in Sources */,
				74BB67582ACFF2EF00208944 /* visionOS_JTIApp.swift in Sources */,
				742995C02AD0979100EEAD13 /* AttachmentsProvider.swift in Sources */,
			);
			runOnlyForDeploymentPostprocessing = 0;
		};
/* End PBXSourcesBuildPhase section */

/* Begin XCBuildConfiguration section */
		74BB67612ACFF2F200208944 /* Debug */ = {
			isa = XCBuildConfiguration;
			buildSettings = {
				ALWAYS_SEARCH_USER_PATHS = NO;
				ASSETCATALOG_COMPILER_GENERATE_SWIFT_ASSET_SYMBOL_EXTENSIONS = YES;
				CLANG_ANALYZER_NONNULL = YES;
				CLANG_ANALYZER_NUMBER_OBJECT_CONVERSION = YES_AGGRESSIVE;
				CLANG_CXX_LANGUAGE_STANDARD = "gnu++20";
				CLANG_ENABLE_MODULES = YES;
				CLANG_ENABLE_OBJC_ARC = YES;
				CLANG_ENABLE_OBJC_WEAK = YES;
				CLANG_WARN_BLOCK_CAPTURE_AUTORELEASING = YES;
				CLANG_WARN_BOOL_CONVERSION = YES;
				CLANG_WARN_COMMA = YES;
				CLANG_WARN_CONSTANT_CONVERSION = YES;
				CLANG_WARN_DEPRECATED_OBJC_IMPLEMENTATIONS = YES;
				CLANG_WARN_DIRECT_OBJC_ISA_USAGE = YES_ERROR;
				CLANG_WARN_DOCUMENTATION_COMMENTS = YES;
				CLANG_WARN_EMPTY_BODY = YES;
				CLANG_WARN_ENUM_CONVERSION = YES;
				CLANG_WARN_INFINITE_RECURSION = YES;
				CLANG_WARN_INT_CONVERSION = YES;
				CLANG_WARN_NON_LITERAL_NULL_CONVERSION = YES;
				CLANG_WARN_OBJC_IMPLICIT_RETAIN_SELF = YES;
				CLANG_WARN_OBJC_LITERAL_CONVERSION = YES;
				CLANG_WARN_OBJC_ROOT_CLASS = YES_ERROR;
				CLANG_WARN_QUOTED_INCLUDE_IN_FRAMEWORK_HEADER = YES;
				CLANG_WARN_RANGE_LOOP_ANALYSIS = YES;
				CLANG_WARN_STRICT_PROTOTYPES = YES;
				CLANG_WARN_SUSPICIOUS_MOVE = YES;
				CLANG_WARN_UNGUARDED_AVAILABILITY = YES_AGGRESSIVE;
				CLANG_WARN_UNREACHABLE_CODE = YES;
				CLANG_WARN__DUPLICATE_METHOD_MATCH = YES;
				COPY_PHASE_STRIP = NO;
				DEBUG_INFORMATION_FORMAT = dwarf;
				ENABLE_STRICT_OBJC_MSGSEND = YES;
				ENABLE_TESTABILITY = YES;
				ENABLE_USER_SCRIPT_SANDBOXING = YES;
				GCC_C_LANGUAGE_STANDARD = gnu17;
				GCC_DYNAMIC_NO_PIC = NO;
				GCC_NO_COMMON_BLOCKS = YES;
				GCC_OPTIMIZATION_LEVEL = 0;
				GCC_PREPROCESSOR_DEFINITIONS = (
					"DEBUG=1",
					"$(inherited)",
				);
				GCC_WARN_64_TO_32_BIT_CONVERSION = YES;
				GCC_WARN_ABOUT_RETURN_TYPE = YES_ERROR;
				GCC_WARN_UNDECLARED_SELECTOR = YES;
				GCC_WARN_UNINITIALIZED_AUTOS = YES_AGGRESSIVE;
				GCC_WARN_UNUSED_FUNCTION = YES;
				GCC_WARN_UNUSED_VARIABLE = YES;
				IPHONEOS_DEPLOYMENT_TARGET = 16.0;
				LOCALIZATION_PREFERS_STRING_CATALOGS = YES;
				MTL_ENABLE_DEBUG_INFO = INCLUDE_SOURCE;
				MTL_FAST_MATH = YES;
				ONLY_ACTIVE_ARCH = YES;
				SDKROOT = xros;
				SWIFT_ACTIVE_COMPILATION_CONDITIONS = "DEBUG $(inherited)";
				SWIFT_OPTIMIZATION_LEVEL = "-Onone";
				XROS_DEPLOYMENT_TARGET = 1.0;
			};
			name = Debug;
		};
		74BB67622ACFF2F200208944 /* Release */ = {
			isa = XCBuildConfiguration;
			buildSettings = {
				ALWAYS_SEARCH_USER_PATHS = NO;
				ASSETCATALOG_COMPILER_GENERATE_SWIFT_ASSET_SYMBOL_EXTENSIONS = YES;
				CLANG_ANALYZER_NONNULL = YES;
				CLANG_ANALYZER_NUMBER_OBJECT_CONVERSION = YES_AGGRESSIVE;
				CLANG_CXX_LANGUAGE_STANDARD = "gnu++20";
				CLANG_ENABLE_MODULES = YES;
				CLANG_ENABLE_OBJC_ARC = YES;
				CLANG_ENABLE_OBJC_WEAK = YES;
				CLANG_WARN_BLOCK_CAPTURE_AUTORELEASING = YES;
				CLANG_WARN_BOOL_CONVERSION = YES;
				CLANG_WARN_COMMA = YES;
				CLANG_WARN_CONSTANT_CONVERSION = YES;
				CLANG_WARN_DEPRECATED_OBJC_IMPLEMENTATIONS = YES;
				CLANG_WARN_DIRECT_OBJC_ISA_USAGE = YES_ERROR;
				CLANG_WARN_DOCUMENTATION_COMMENTS = YES;
				CLANG_WARN_EMPTY_BODY = YES;
				CLANG_WARN_ENUM_CONVERSION = YES;
				CLANG_WARN_INFINITE_RECURSION = YES;
				CLANG_WARN_INT_CONVERSION = YES;
				CLANG_WARN_NON_LITERAL_NULL_CONVERSION = YES;
				CLANG_WARN_OBJC_IMPLICIT_RETAIN_SELF = YES;
				CLANG_WARN_OBJC_LITERAL_CONVERSION = YES;
				CLANG_WARN_OBJC_ROOT_CLASS = YES_ERROR;
				CLANG_WARN_QUOTED_INCLUDE_IN_FRAMEWORK_HEADER = YES;
				CLANG_WARN_RANGE_LOOP_ANALYSIS = YES;
				CLANG_WARN_STRICT_PROTOTYPES = YES;
				CLANG_WARN_SUSPICIOUS_MOVE = YES;
				CLANG_WARN_UNGUARDED_AVAILABILITY = YES_AGGRESSIVE;
				CLANG_WARN_UNREACHABLE_CODE = YES;
				CLANG_WARN__DUPLICATE_METHOD_MATCH = YES;
				COPY_PHASE_STRIP = NO;
				DEBUG_INFORMATION_FORMAT = "dwarf-with-dsym";
				ENABLE_NS_ASSERTIONS = NO;
				ENABLE_STRICT_OBJC_MSGSEND = YES;
				ENABLE_USER_SCRIPT_SANDBOXING = YES;
				GCC_C_LANGUAGE_STANDARD = gnu17;
				GCC_NO_COMMON_BLOCKS = YES;
				GCC_WARN_64_TO_32_BIT_CONVERSION = YES;
				GCC_WARN_ABOUT_RETURN_TYPE = YES_ERROR;
				GCC_WARN_UNDECLARED_SELECTOR = YES;
				GCC_WARN_UNINITIALIZED_AUTOS = YES_AGGRESSIVE;
				GCC_WARN_UNUSED_FUNCTION = YES;
				GCC_WARN_UNUSED_VARIABLE = YES;
				IPHONEOS_DEPLOYMENT_TARGET = 16.0;
				LOCALIZATION_PREFERS_STRING_CATALOGS = YES;
				MTL_ENABLE_DEBUG_INFO = NO;
				MTL_FAST_MATH = YES;
				SDKROOT = xros;
				SWIFT_COMPILATION_MODE = wholemodule;
				VALIDATE_PRODUCT = YES;
				XROS_DEPLOYMENT_TARGET = 1.0;
			};
			name = Release;
		};
		74BB67642ACFF2F200208944 /* Debug */ = {
			isa = XCBuildConfiguration;
			buildSettings = {
				ASSETCATALOG_COMPILER_APPICON_NAME = AppIcon;
				ASSETCATALOG_COMPILER_GLOBAL_ACCENT_COLOR_NAME = AccentColor;
				CODE_SIGN_STYLE = Automatic;
				CURRENT_PROJECT_VERSION = 1;
				DEVELOPMENT_ASSET_PATHS = "\"visionOS_JTI/Preview Content\"";
				DEVELOPMENT_TEAM = 6932L6NZ86;
				ENABLE_PREVIEWS = YES;
				GENERATE_INFOPLIST_FILE = YES;
				INFOPLIST_FILE = "$(TARGET_NAME)/Info.plist";
				INFOPLIST_KEY_NSCameraUsageDescription = "Needed to show AR Camera";
				LD_RUNPATH_SEARCH_PATHS = (
					"$(inherited)",
					"@executable_path/Frameworks",
				);
				MARKETING_VERSION = 1.0;
				PRODUCT_BUNDLE_IDENTIFIER = "RSM.visionOS-JTI";
				PRODUCT_NAME = "$(TARGET_NAME)";
				SUPPORTED_PLATFORMS = "iphoneos iphonesimulator xros xrsimulator";
				SUPPORTS_MACCATALYST = NO;
				SWIFT_EMIT_LOC_STRINGS = YES;
				SWIFT_VERSION = 5.0;
				TARGETED_DEVICE_FAMILY = "1,2,7";
			};
			name = Debug;
		};
		74BB67652ACFF2F200208944 /* Release */ = {
			isa = XCBuildConfiguration;
			buildSettings = {
				ASSETCATALOG_COMPILER_APPICON_NAME = AppIcon;
				ASSETCATALOG_COMPILER_GLOBAL_ACCENT_COLOR_NAME = AccentColor;
				CODE_SIGN_STYLE = Automatic;
				CURRENT_PROJECT_VERSION = 1;
				DEVELOPMENT_ASSET_PATHS = "\"visionOS_JTI/Preview Content\"";
				DEVELOPMENT_TEAM = 6932L6NZ86;
				ENABLE_PREVIEWS = YES;
				GENERATE_INFOPLIST_FILE = YES;
				INFOPLIST_FILE = "$(TARGET_NAME)/Info.plist";
				INFOPLIST_KEY_NSCameraUsageDescription = "Needed to show AR Camera";
				LD_RUNPATH_SEARCH_PATHS = (
					"$(inherited)",
					"@executable_path/Frameworks",
				);
				MARKETING_VERSION = 1.0;
				PRODUCT_BUNDLE_IDENTIFIER = "RSM.visionOS-JTI";
				PRODUCT_NAME = "$(TARGET_NAME)";
				SUPPORTED_PLATFORMS = "iphoneos iphonesimulator xros xrsimulator";
				SUPPORTS_MACCATALYST = NO;
				SWIFT_EMIT_LOC_STRINGS = YES;
				SWIFT_VERSION = 5.0;
				TARGETED_DEVICE_FAMILY = "1,2,7";
			};
			name = Release;
		};
/* End XCBuildConfiguration section */

/* Begin XCConfigurationList section */
		74BB674B2ACFF2EF00208944 /* Build configuration list for PBXProject "visionOS_JTI" */ = {
			isa = XCConfigurationList;
			buildConfigurations = (
				74BB67612ACFF2F200208944 /* Debug */,
				74BB67622ACFF2F200208944 /* Release */,
			);
			defaultConfigurationIsVisible = 0;
			defaultConfigurationName = Release;
		};
		74BB67632ACFF2F200208944 /* Build configuration list for PBXNativeTarget "visionOS_JTI" */ = {
			isa = XCConfigurationList;
			buildConfigurations = (
				74BB67642ACFF2F200208944 /* Debug */,
				74BB67652ACFF2F200208944 /* Release */,
			);
			defaultConfigurationIsVisible = 0;
			defaultConfigurationName = Release;
		};
/* End XCConfigurationList section */

/* Begin XCSwiftPackageProductDependency section */
		74BB67552ACFF2EF00208944 /* RealityKitContent */ = {
			isa = XCSwiftPackageProductDependency;
			productName = RealityKitContent;
		};
/* End XCSwiftPackageProductDependency section */
	};
	rootObject = 74BB67482ACFF2EF00208944 /* Project object */;
}
